{
  "lockfile_version": "1",
  "packages": {
    "rubocop@0.93.1": {
      "last_modified": "2022-06-30T00:42:12Z",
      "resolved": "github:NixOS/nixpkgs/d3248619647234b5dc74a6921bcdf6dd8323eb22#rubocop",
      "version": "0.93.1"
    },
    "ruby@3.0.2": {
      "last_modified": "2021-11-01T15:39:33Z",
      "plugin_version": "0.0.1",
      "resolved": "github:NixOS/nixpkgs/7053541084bf5ce2921ef307e5585d39d7ba8b3f#ruby_3_0",
      "version": "3.0.2"
    }
  }
}